// !$*UTF8*$!
{
	archiveVersion = 1;
	classes = {
	};
	objectVersion = 56;
	objects = {

/* Begin PBXBuildFile section */
		F14048862ABEAB82007155DB /* LoginViewModel.swift in Sources */ = {isa = PBXBuildFile; fileRef = F14048852ABEAB82007155DB /* LoginViewModel.swift */; };
		F14048892ABEACFF007155DB /* LoginView.swift in Sources */ = {isa = PBXBuildFile; fileRef = F14048882ABEACFF007155DB /* LoginView.swift */; };
		F140488B2ABECB30007155DB /* SignupView.swift in Sources */ = {isa = PBXBuildFile; fileRef = F140488A2ABECB30007155DB /* SignupView.swift */; };
		F140488D2ABEDA5B007155DB /* TabView.swift in Sources */ = {isa = PBXBuildFile; fileRef = F140488C2ABEDA5B007155DB /* TabView.swift */; };
		F140488F2ABF3578007155DB /* CreateExpenseView.swift in Sources */ = {isa = PBXBuildFile; fileRef = F140488E2ABF3578007155DB /* CreateExpenseView.swift */; };
		F14048912ABF3635007155DB /* ExpenseViewModel.swift in Sources */ = {isa = PBXBuildFile; fileRef = F14048902ABF3635007155DB /* ExpenseViewModel.swift */; };
		F14048932ABF527F007155DB /* DatePickerViewModel.swift in Sources */ = {isa = PBXBuildFile; fileRef = F14048922ABF527F007155DB /* DatePickerViewModel.swift */; };
		F166E5262AC346E0004960DD /* DropdownViewModel.swift in Sources */ = {isa = PBXBuildFile; fileRef = F166E5252AC346E0004960DD /* DropdownViewModel.swift */; };
		F166E52E2AC3DCBA004960DD /* DropdownOptionModel.swift in Sources */ = {isa = PBXBuildFile; fileRef = F166E52D2AC3DCBA004960DD /* DropdownOptionModel.swift */; };
		F166E5302AC4A8F9004960DD /* BudgetView.swift in Sources */ = {isa = PBXBuildFile; fileRef = F166E52F2AC4A8F9004960DD /* BudgetView.swift */; };
		F166E5322AC4A9D3004960DD /* DashboardView.swift in Sources */ = {isa = PBXBuildFile; fileRef = F166E5312AC4A9D3004960DD /* DashboardView.swift */; };
		F166E5392AC51CC4004960DD /* UiExtension.swift in Sources */ = {isa = PBXBuildFile; fileRef = F166E5382AC51CC4004960DD /* UiExtension.swift */; };
		F166E53B2AC52298004960DD /* SubscriptionModel.swift in Sources */ = {isa = PBXBuildFile; fileRef = F166E53A2AC52298004960DD /* SubscriptionModel.swift */; };
		F166E53F2AC5236F004960DD /* SubscriptionCell.swift in Sources */ = {isa = PBXBuildFile; fileRef = F166E53E2AC5236F004960DD /* SubscriptionCell.swift */; };
		F166E5412AC5392B004960DD /* DashboardTop.swift in Sources */ = {isa = PBXBuildFile; fileRef = F166E5402AC5392B004960DD /* DashboardTop.swift */; };
		F18CCDA62AB2C13E00EC56B1 /* MyFinancePlannerApp.swift in Sources */ = {isa = PBXBuildFile; fileRef = F18CCDA52AB2C13E00EC56B1 /* MyFinancePlannerApp.swift */; };
		F18CCDA82AB2C13E00EC56B1 /* ContentView.swift in Sources */ = {isa = PBXBuildFile; fileRef = F18CCDA72AB2C13E00EC56B1 /* ContentView.swift */; };
		F18CCDAA2AB2C13F00EC56B1 /* Assets.xcassets in Resources */ = {isa = PBXBuildFile; fileRef = F18CCDA92AB2C13F00EC56B1 /* Assets.xcassets */; };
		F18CCDAD2AB2C13F00EC56B1 /* Preview Assets.xcassets in Resources */ = {isa = PBXBuildFile; fileRef = F18CCDAC2AB2C13F00EC56B1 /* Preview Assets.xcassets */; };
		F18CCDB72AB2C14000EC56B1 /* MyFinancePlannerTests.swift in Sources */ = {isa = PBXBuildFile; fileRef = F18CCDB62AB2C14000EC56B1 /* MyFinancePlannerTests.swift */; };
		F18CCDC12AB2C14000EC56B1 /* MyFinancePlannerUITests.swift in Sources */ = {isa = PBXBuildFile; fileRef = F18CCDC02AB2C14000EC56B1 /* MyFinancePlannerUITests.swift */; };
		F18CCDC32AB2C14000EC56B1 /* MyFinancePlannerUITestsLaunchTests.swift in Sources */ = {isa = PBXBuildFile; fileRef = F18CCDC22AB2C14000EC56B1 /* MyFinancePlannerUITestsLaunchTests.swift */; };
		F1D042032AC59E0000E5288D /* MyTabBar.swift in Sources */ = {isa = PBXBuildFile; fileRef = F1D042022AC59E0000E5288D /* MyTabBar.swift */; };
/* End PBXBuildFile section */

/* Begin PBXContainerItemProxy section */
		F18CCDB32AB2C14000EC56B1 /* PBXContainerItemProxy */ = {
			isa = PBXContainerItemProxy;
			containerPortal = F18CCD9A2AB2C13E00EC56B1 /* Project object */;
			proxyType = 1;
			remoteGlobalIDString = F18CCDA12AB2C13E00EC56B1;
			remoteInfo = MyFinancePlanner;
		};
		F18CCDBD2AB2C14000EC56B1 /* PBXContainerItemProxy */ = {
			isa = PBXContainerItemProxy;
			containerPortal = F18CCD9A2AB2C13E00EC56B1 /* Project object */;
			proxyType = 1;
			remoteGlobalIDString = F18CCDA12AB2C13E00EC56B1;
			remoteInfo = MyFinancePlanner;
		};
/* End PBXContainerItemProxy section */

/* Begin PBXFileReference section */
		F14048852ABEAB82007155DB /* LoginViewModel.swift */ = {isa = PBXFileReference; lastKnownFileType = sourcecode.swift; path = LoginViewModel.swift; sourceTree = "<group>"; };
		F14048882ABEACFF007155DB /* LoginView.swift */ = {isa = PBXFileReference; lastKnownFileType = sourcecode.swift; path = LoginView.swift; sourceTree = "<group>"; };
		F140488A2ABECB30007155DB /* SignupView.swift */ = {isa = PBXFileReference; lastKnownFileType = sourcecode.swift; path = SignupView.swift; sourceTree = "<group>"; };
		F140488C2ABEDA5B007155DB /* TabView.swift */ = {isa = PBXFileReference; lastKnownFileType = sourcecode.swift; path = TabView.swift; sourceTree = "<group>"; };
		F140488E2ABF3578007155DB /* CreateExpenseView.swift */ = {isa = PBXFileReference; lastKnownFileType = sourcecode.swift; path = CreateExpenseView.swift; sourceTree = "<group>"; };
		F14048902ABF3635007155DB /* ExpenseViewModel.swift */ = {isa = PBXFileReference; lastKnownFileType = sourcecode.swift; path = ExpenseViewModel.swift; sourceTree = "<group>"; };
		F14048922ABF527F007155DB /* DatePickerViewModel.swift */ = {isa = PBXFileReference; lastKnownFileType = sourcecode.swift; path = DatePickerViewModel.swift; sourceTree = "<group>"; };
		F166E5252AC346E0004960DD /* DropdownViewModel.swift */ = {isa = PBXFileReference; lastKnownFileType = sourcecode.swift; path = DropdownViewModel.swift; sourceTree = "<group>"; };
		F166E52D2AC3DCBA004960DD /* DropdownOptionModel.swift */ = {isa = PBXFileReference; lastKnownFileType = sourcecode.swift; path = DropdownOptionModel.swift; sourceTree = "<group>"; };
		F166E52F2AC4A8F9004960DD /* BudgetView.swift */ = {isa = PBXFileReference; lastKnownFileType = sourcecode.swift; path = BudgetView.swift; sourceTree = "<group>"; };
		F166E5312AC4A9D3004960DD /* DashboardView.swift */ = {isa = PBXFileReference; lastKnownFileType = sourcecode.swift; path = DashboardView.swift; sourceTree = "<group>"; };
		F166E5382AC51CC4004960DD /* UiExtension.swift */ = {isa = PBXFileReference; lastKnownFileType = sourcecode.swift; path = UiExtension.swift; sourceTree = "<group>"; };
		F166E53A2AC52298004960DD /* SubscriptionModel.swift */ = {isa = PBXFileReference; lastKnownFileType = sourcecode.swift; path = SubscriptionModel.swift; sourceTree = "<group>"; };
		F166E53E2AC5236F004960DD /* SubscriptionCell.swift */ = {isa = PBXFileReference; lastKnownFileType = sourcecode.swift; path = SubscriptionCell.swift; sourceTree = "<group>"; };
		F166E5402AC5392B004960DD /* DashboardTop.swift */ = {isa = PBXFileReference; lastKnownFileType = sourcecode.swift; path = DashboardTop.swift; sourceTree = "<group>"; };
		F18CCDA22AB2C13E00EC56B1 /* MyFinancePlanner.app */ = {isa = PBXFileReference; explicitFileType = wrapper.application; includeInIndex = 0; path = MyFinancePlanner.app; sourceTree = BUILT_PRODUCTS_DIR; };
		F18CCDA52AB2C13E00EC56B1 /* MyFinancePlannerApp.swift */ = {isa = PBXFileReference; lastKnownFileType = sourcecode.swift; path = MyFinancePlannerApp.swift; sourceTree = "<group>"; };
		F18CCDA72AB2C13E00EC56B1 /* ContentView.swift */ = {isa = PBXFileReference; lastKnownFileType = sourcecode.swift; path = ContentView.swift; sourceTree = "<group>"; };
		F18CCDA92AB2C13F00EC56B1 /* Assets.xcassets */ = {isa = PBXFileReference; lastKnownFileType = folder.assetcatalog; path = Assets.xcassets; sourceTree = "<group>"; };
		F18CCDAC2AB2C13F00EC56B1 /* Preview Assets.xcassets */ = {isa = PBXFileReference; lastKnownFileType = folder.assetcatalog; path = "Preview Assets.xcassets"; sourceTree = "<group>"; };
		F18CCDB22AB2C14000EC56B1 /* MyFinancePlannerTests.xctest */ = {isa = PBXFileReference; explicitFileType = wrapper.cfbundle; includeInIndex = 0; path = MyFinancePlannerTests.xctest; sourceTree = BUILT_PRODUCTS_DIR; };
		F18CCDB62AB2C14000EC56B1 /* MyFinancePlannerTests.swift */ = {isa = PBXFileReference; lastKnownFileType = sourcecode.swift; path = MyFinancePlannerTests.swift; sourceTree = "<group>"; };
		F18CCDBC2AB2C14000EC56B1 /* MyFinancePlannerUITests.xctest */ = {isa = PBXFileReference; explicitFileType = wrapper.cfbundle; includeInIndex = 0; path = MyFinancePlannerUITests.xctest; sourceTree = BUILT_PRODUCTS_DIR; };
		F18CCDC02AB2C14000EC56B1 /* MyFinancePlannerUITests.swift */ = {isa = PBXFileReference; lastKnownFileType = sourcecode.swift; path = MyFinancePlannerUITests.swift; sourceTree = "<group>"; };
		F18CCDC22AB2C14000EC56B1 /* MyFinancePlannerUITestsLaunchTests.swift */ = {isa = PBXFileReference; lastKnownFileType = sourcecode.swift; path = MyFinancePlannerUITestsLaunchTests.swift; sourceTree = "<group>"; };
		F1D042022AC59E0000E5288D /* MyTabBar.swift */ = {isa = PBXFileReference; lastKnownFileType = sourcecode.swift; path = MyTabBar.swift; sourceTree = "<group>"; };
/* End PBXFileReference section */

/* Begin PBXFrameworksBuildPhase section */
		F18CCD9F2AB2C13E00EC56B1 /* Frameworks */ = {
			isa = PBXFrameworksBuildPhase;
			buildActionMask = 2147483647;
			files = (
			);
			runOnlyForDeploymentPostprocessing = 0;
		};
		F18CCDAF2AB2C14000EC56B1 /* Frameworks */ = {
			isa = PBXFrameworksBuildPhase;
			buildActionMask = 2147483647;
			files = (
			);
			runOnlyForDeploymentPostprocessing = 0;
		};
		F18CCDB92AB2C14000EC56B1 /* Frameworks */ = {
			isa = PBXFrameworksBuildPhase;
			buildActionMask = 2147483647;
			files = (
			);
			runOnlyForDeploymentPostprocessing = 0;
		};
/* End PBXFrameworksBuildPhase section */

/* Begin PBXGroup section */
		F14048822ABEAB02007155DB /* ViewModel */ = {
			isa = PBXGroup;
			children = (
				F14048852ABEAB82007155DB /* LoginViewModel.swift */,
				F14048902ABF3635007155DB /* ExpenseViewModel.swift */,
				F14048922ABF527F007155DB /* DatePickerViewModel.swift */,
				F166E5252AC346E0004960DD /* DropdownViewModel.swift */,
			);
			path = ViewModel;
			sourceTree = "<group>";
		};
		F14048872ABEACD7007155DB /* Views */ = {
			isa = PBXGroup;
			children = (
				F14048882ABEACFF007155DB /* LoginView.swift */,
				F140488A2ABECB30007155DB /* SignupView.swift */,
				F140488C2ABEDA5B007155DB /* TabView.swift */,
				F140488E2ABF3578007155DB /* CreateExpenseView.swift */,
				F166E52F2AC4A8F9004960DD /* BudgetView.swift */,
				F166E5312AC4A9D3004960DD /* DashboardView.swift */,
				F1D042022AC59E0000E5288D /* MyTabBar.swift */,
			);
			path = Views;
			sourceTree = "<group>";
		};
		F166E5292AC3DBB6004960DD /* Model */ = {
			isa = PBXGroup;
			children = (
				F166E52D2AC3DCBA004960DD /* DropdownOptionModel.swift */,
				F166E53A2AC52298004960DD /* SubscriptionModel.swift */,
			);
			path = Model;
			sourceTree = "<group>";
		};
		F166E5372AC51C72004960DD /* UiKit */ = {
			isa = PBXGroup;
			children = (
				F166E5382AC51CC4004960DD /* UiExtension.swift */,
				F166E53E2AC5236F004960DD /* SubscriptionCell.swift */,
				F166E5402AC5392B004960DD /* DashboardTop.swift */,
			);
			path = UiKit;
			sourceTree = "<group>";
		};
		F18CCD992AB2C13E00EC56B1 = {
			isa = PBXGroup;
			children = (
				F18CCDA42AB2C13E00EC56B1 /* MyFinancePlanner */,
				F18CCDB52AB2C14000EC56B1 /* MyFinancePlannerTests */,
				F18CCDBF2AB2C14000EC56B1 /* MyFinancePlannerUITests */,
				F18CCDA32AB2C13E00EC56B1 /* Products */,
			);
			sourceTree = "<group>";
		};
		F18CCDA32AB2C13E00EC56B1 /* Products */ = {
			isa = PBXGroup;
			children = (
				F18CCDA22AB2C13E00EC56B1 /* MyFinancePlanner.app */,
				F18CCDB22AB2C14000EC56B1 /* MyFinancePlannerTests.xctest */,
				F18CCDBC2AB2C14000EC56B1 /* MyFinancePlannerUITests.xctest */,
			);
			name = Products;
			sourceTree = "<group>";
		};
		F18CCDA42AB2C13E00EC56B1 /* MyFinancePlanner */ = {
			isa = PBXGroup;
			children = (
				F166E5372AC51C72004960DD /* UiKit */,
				F166E5292AC3DBB6004960DD /* Model */,
				F14048872ABEACD7007155DB /* Views */,
				F14048822ABEAB02007155DB /* ViewModel */,
				F18CCDA52AB2C13E00EC56B1 /* MyFinancePlannerApp.swift */,
				F18CCDA72AB2C13E00EC56B1 /* ContentView.swift */,
				F18CCDA92AB2C13F00EC56B1 /* Assets.xcassets */,
				F18CCDAB2AB2C13F00EC56B1 /* Preview Content */,
			);
			path = MyFinancePlanner;
			sourceTree = "<group>";
		};
		F18CCDAB2AB2C13F00EC56B1 /* Preview Content */ = {
			isa = PBXGroup;
			children = (
				F18CCDAC2AB2C13F00EC56B1 /* Preview Assets.xcassets */,
			);
			path = "Preview Content";
			sourceTree = "<group>";
		};
		F18CCDB52AB2C14000EC56B1 /* MyFinancePlannerTests */ = {
			isa = PBXGroup;
			children = (
				F18CCDB62AB2C14000EC56B1 /* MyFinancePlannerTests.swift */,
			);
			path = MyFinancePlannerTests;
			sourceTree = "<group>";
		};
		F18CCDBF2AB2C14000EC56B1 /* MyFinancePlannerUITests */ = {
			isa = PBXGroup;
			children = (
				F18CCDC02AB2C14000EC56B1 /* MyFinancePlannerUITests.swift */,
				F18CCDC22AB2C14000EC56B1 /* MyFinancePlannerUITestsLaunchTests.swift */,
			);
			path = MyFinancePlannerUITests;
			sourceTree = "<group>";
		};
/* End PBXGroup section */

/* Begin PBXNativeTarget section */
		F18CCDA12AB2C13E00EC56B1 /* MyFinancePlanner */ = {
			isa = PBXNativeTarget;
			buildConfigurationList = F18CCDC62AB2C14000EC56B1 /* Build configuration list for PBXNativeTarget "MyFinancePlanner" */;
			buildPhases = (
				F18CCD9E2AB2C13E00EC56B1 /* Sources */,
				F18CCD9F2AB2C13E00EC56B1 /* Frameworks */,
				F18CCDA02AB2C13E00EC56B1 /* Resources */,
			);
			buildRules = (
			);
			dependencies = (
			);
			name = MyFinancePlanner;
			productName = MyFinancePlanner;
			productReference = F18CCDA22AB2C13E00EC56B1 /* MyFinancePlanner.app */;
			productType = "com.apple.product-type.application";
		};
		F18CCDB12AB2C14000EC56B1 /* MyFinancePlannerTests */ = {
			isa = PBXNativeTarget;
			buildConfigurationList = F18CCDC92AB2C14000EC56B1 /* Build configuration list for PBXNativeTarget "MyFinancePlannerTests" */;
			buildPhases = (
				F18CCDAE2AB2C14000EC56B1 /* Sources */,
				F18CCDAF2AB2C14000EC56B1 /* Frameworks */,
				F18CCDB02AB2C14000EC56B1 /* Resources */,
			);
			buildRules = (
			);
			dependencies = (
				F18CCDB42AB2C14000EC56B1 /* PBXTargetDependency */,
			);
			name = MyFinancePlannerTests;
			productName = MyFinancePlannerTests;
			productReference = F18CCDB22AB2C14000EC56B1 /* MyFinancePlannerTests.xctest */;
			productType = "com.apple.product-type.bundle.unit-test";
		};
		F18CCDBB2AB2C14000EC56B1 /* MyFinancePlannerUITests */ = {
			isa = PBXNativeTarget;
			buildConfigurationList = F18CCDCC2AB2C14000EC56B1 /* Build configuration list for PBXNativeTarget "MyFinancePlannerUITests" */;
			buildPhases = (
				F18CCDB82AB2C14000EC56B1 /* Sources */,
				F18CCDB92AB2C14000EC56B1 /* Frameworks */,
				F18CCDBA2AB2C14000EC56B1 /* Resources */,
			);
			buildRules = (
			);
			dependencies = (
				F18CCDBE2AB2C14000EC56B1 /* PBXTargetDependency */,
			);
			name = MyFinancePlannerUITests;
			productName = MyFinancePlannerUITests;
			productReference = F18CCDBC2AB2C14000EC56B1 /* MyFinancePlannerUITests.xctest */;
			productType = "com.apple.product-type.bundle.ui-testing";
		};
/* End PBXNativeTarget section */

/* Begin PBXProject section */
		F18CCD9A2AB2C13E00EC56B1 /* Project object */ = {
			isa = PBXProject;
			attributes = {
				BuildIndependentTargetsInParallel = 1;
				LastSwiftUpdateCheck = 1430;
				LastUpgradeCheck = 1430;
				TargetAttributes = {
					F18CCDA12AB2C13E00EC56B1 = {
						CreatedOnToolsVersion = 14.3.1;
					};
					F18CCDB12AB2C14000EC56B1 = {
						CreatedOnToolsVersion = 14.3.1;
						TestTargetID = F18CCDA12AB2C13E00EC56B1;
					};
					F18CCDBB2AB2C14000EC56B1 = {
						CreatedOnToolsVersion = 14.3.1;
						TestTargetID = F18CCDA12AB2C13E00EC56B1;
					};
				};
			};
			buildConfigurationList = F18CCD9D2AB2C13E00EC56B1 /* Build configuration list for PBXProject "MyFinancePlanner" */;
			compatibilityVersion = "Xcode 14.0";
			developmentRegion = en;
			hasScannedForEncodings = 0;
			knownRegions = (
				en,
				Base,
			);
			mainGroup = F18CCD992AB2C13E00EC56B1;
			productRefGroup = F18CCDA32AB2C13E00EC56B1 /* Products */;
			projectDirPath = "";
			projectRoot = "";
			targets = (
				F18CCDA12AB2C13E00EC56B1 /* MyFinancePlanner */,
				F18CCDB12AB2C14000EC56B1 /* MyFinancePlannerTests */,
				F18CCDBB2AB2C14000EC56B1 /* MyFinancePlannerUITests */,
			);
		};
/* End PBXProject section */

/* Begin PBXResourcesBuildPhase section */
		F18CCDA02AB2C13E00EC56B1 /* Resources */ = {
			isa = PBXResourcesBuildPhase;
			buildActionMask = 2147483647;
			files = (
				F18CCDAD2AB2C13F00EC56B1 /* Preview Assets.xcassets in Resources */,
				F18CCDAA2AB2C13F00EC56B1 /* Assets.xcassets in Resources */,
			);
			runOnlyForDeploymentPostprocessing = 0;
		};
		F18CCDB02AB2C14000EC56B1 /* Resources */ = {
			isa = PBXResourcesBuildPhase;
			buildActionMask = 2147483647;
			files = (
			);
			runOnlyForDeploymentPostprocessing = 0;
		};
		F18CCDBA2AB2C14000EC56B1 /* Resources */ = {
			isa = PBXResourcesBuildPhase;
			buildActionMask = 2147483647;
			files = (
			);
			runOnlyForDeploymentPostprocessing = 0;
		};
/* End PBXResourcesBuildPhase section */

/* Begin PBXSourcesBuildPhase section */
		F18CCD9E2AB2C13E00EC56B1 /* Sources */ = {
			isa = PBXSourcesBuildPhase;
			buildActionMask = 2147483647;
			files = (
				F14048932ABF527F007155DB /* DatePickerViewModel.swift in Sources */,
				F166E5302AC4A8F9004960DD /* BudgetView.swift in Sources */,
				F18CCDA82AB2C13E00EC56B1 /* ContentView.swift in Sources */,
				F140488F2ABF3578007155DB /* CreateExpenseView.swift in Sources */,
				F18CCDA62AB2C13E00EC56B1 /* MyFinancePlannerApp.swift in Sources */,
				F1D042032AC59E0000E5288D /* MyTabBar.swift in Sources */,
				F166E52E2AC3DCBA004960DD /* DropdownOptionModel.swift in Sources */,
				F166E53F2AC5236F004960DD /* SubscriptionCell.swift in Sources */,
				F166E5412AC5392B004960DD /* DashboardTop.swift in Sources */,
				F14048892ABEACFF007155DB /* LoginView.swift in Sources */,
				F14048862ABEAB82007155DB /* LoginViewModel.swift in Sources */,
				F14048912ABF3635007155DB /* ExpenseViewModel.swift in Sources */,
				F166E5392AC51CC4004960DD /* UiExtension.swift in Sources */,
				F166E53B2AC52298004960DD /* SubscriptionModel.swift in Sources */,
				F140488D2ABEDA5B007155DB /* TabView.swift in Sources */,
				F140488B2ABECB30007155DB /* SignupView.swift in Sources */,
				F166E5322AC4A9D3004960DD /* DashboardView.swift in Sources */,
				F166E5262AC346E0004960DD /* DropdownViewModel.swift in Sources */,
			);
			runOnlyForDeploymentPostprocessing = 0;
		};
		F18CCDAE2AB2C14000EC56B1 /* Sources */ = {
			isa = PBXSourcesBuildPhase;
			buildActionMask = 2147483647;
			files = (
				F18CCDB72AB2C14000EC56B1 /* MyFinancePlannerTests.swift in Sources */,
			);
			runOnlyForDeploymentPostprocessing = 0;
		};
		F18CCDB82AB2C14000EC56B1 /* Sources */ = {
			isa = PBXSourcesBuildPhase;
			buildActionMask = 2147483647;
			files = (
				F18CCDC32AB2C14000EC56B1 /* MyFinancePlannerUITestsLaunchTests.swift in Sources */,
				F18CCDC12AB2C14000EC56B1 /* MyFinancePlannerUITests.swift in Sources */,
			);
			runOnlyForDeploymentPostprocessing = 0;
		};
/* End PBXSourcesBuildPhase section */

/* Begin PBXTargetDependency section */
		F18CCDB42AB2C14000EC56B1 /* PBXTargetDependency */ = {
			isa = PBXTargetDependency;
			target = F18CCDA12AB2C13E00EC56B1 /* MyFinancePlanner */;
			targetProxy = F18CCDB32AB2C14000EC56B1 /* PBXContainerItemProxy */;
		};
		F18CCDBE2AB2C14000EC56B1 /* PBXTargetDependency */ = {
			isa = PBXTargetDependency;
			target = F18CCDA12AB2C13E00EC56B1 /* MyFinancePlanner */;
			targetProxy = F18CCDBD2AB2C14000EC56B1 /* PBXContainerItemProxy */;
		};
/* End PBXTargetDependency section */

/* Begin XCBuildConfiguration section */
		F18CCDC42AB2C14000EC56B1 /* Debug */ = {
			isa = XCBuildConfiguration;
			buildSettings = {
				ALWAYS_SEARCH_USER_PATHS = NO;
				CLANG_ANALYZER_NONNULL = YES;
				CLANG_ANALYZER_NUMBER_OBJECT_CONVERSION = YES_AGGRESSIVE;
				CLANG_CXX_LANGUAGE_STANDARD = "gnu++20";
				CLANG_ENABLE_MODULES = YES;
				CLANG_ENABLE_OBJC_ARC = YES;
				CLANG_ENABLE_OBJC_WEAK = YES;
				CLANG_WARN_BLOCK_CAPTURE_AUTORELEASING = YES;
				CLANG_WARN_BOOL_CONVERSION = YES;
				CLANG_WARN_COMMA = YES;
				CLANG_WARN_CONSTANT_CONVERSION = YES;
				CLANG_WARN_DEPRECATED_OBJC_IMPLEMENTATIONS = YES;
				CLANG_WARN_DIRECT_OBJC_ISA_USAGE = YES_ERROR;
				CLANG_WARN_DOCUMENTATION_COMMENTS = YES;
				CLANG_WARN_EMPTY_BODY = YES;
				CLANG_WARN_ENUM_CONVERSION = YES;
				CLANG_WARN_INFINITE_RECURSION = YES;
				CLANG_WARN_INT_CONVERSION = YES;
				CLANG_WARN_NON_LITERAL_NULL_CONVERSION = YES;
				CLANG_WARN_OBJC_IMPLICIT_RETAIN_SELF = YES;
				CLANG_WARN_OBJC_LITERAL_CONVERSION = YES;
				CLANG_WARN_OBJC_ROOT_CLASS = YES_ERROR;
				CLANG_WARN_QUOTED_INCLUDE_IN_FRAMEWORK_HEADER = YES;
				CLANG_WARN_RANGE_LOOP_ANALYSIS = YES;
				CLANG_WARN_STRICT_PROTOTYPES = YES;
				CLANG_WARN_SUSPICIOUS_MOVE = YES;
				CLANG_WARN_UNGUARDED_AVAILABILITY = YES_AGGRESSIVE;
				CLANG_WARN_UNREACHABLE_CODE = YES;
				CLANG_WARN__DUPLICATE_METHOD_MATCH = YES;
				COPY_PHASE_STRIP = NO;
				DEBUG_INFORMATION_FORMAT = dwarf;
				ENABLE_STRICT_OBJC_MSGSEND = YES;
				ENABLE_TESTABILITY = YES;
				GCC_C_LANGUAGE_STANDARD = gnu11;
				GCC_DYNAMIC_NO_PIC = NO;
				GCC_NO_COMMON_BLOCKS = YES;
				GCC_OPTIMIZATION_LEVEL = 0;
				GCC_PREPROCESSOR_DEFINITIONS = (
					"DEBUG=1",
					"$(inherited)",
				);
				GCC_WARN_64_TO_32_BIT_CONVERSION = YES;
				GCC_WARN_ABOUT_RETURN_TYPE = YES_ERROR;
				GCC_WARN_UNDECLARED_SELECTOR = YES;
				GCC_WARN_UNINITIALIZED_AUTOS = YES_AGGRESSIVE;
				GCC_WARN_UNUSED_FUNCTION = YES;
				GCC_WARN_UNUSED_VARIABLE = YES;
				IPHONEOS_DEPLOYMENT_TARGET = 16.4;
				MTL_ENABLE_DEBUG_INFO = INCLUDE_SOURCE;
				MTL_FAST_MATH = YES;
				ONLY_ACTIVE_ARCH = YES;
				SDKROOT = iphoneos;
				SWIFT_ACTIVE_COMPILATION_CONDITIONS = DEBUG;
				SWIFT_OPTIMIZATION_LEVEL = "-Onone";
			};
			name = Debug;
		};
		F18CCDC52AB2C14000EC56B1 /* Release */ = {
			isa = XCBuildConfiguration;
			buildSettings = {
				ALWAYS_SEARCH_USER_PATHS = NO;
				CLANG_ANALYZER_NONNULL = YES;
				CLANG_ANALYZER_NUMBER_OBJECT_CONVERSION = YES_AGGRESSIVE;
				CLANG_CXX_LANGUAGE_STANDARD = "gnu++20";
				CLANG_ENABLE_MODULES = YES;
				CLANG_ENABLE_OBJC_ARC = YES;
				CLANG_ENABLE_OBJC_WEAK = YES;
				CLANG_WARN_BLOCK_CAPTURE_AUTORELEASING = YES;
				CLANG_WARN_BOOL_CONVERSION = YES;
				CLANG_WARN_COMMA = YES;
				CLANG_WARN_CONSTANT_CONVERSION = YES;
				CLANG_WARN_DEPRECATED_OBJC_IMPLEMENTATIONS = YES;
				CLANG_WARN_DIRECT_OBJC_ISA_USAGE = YES_ERROR;
				CLANG_WARN_DOCUMENTATION_COMMENTS = YES;
				CLANG_WARN_EMPTY_BODY = YES;
				CLANG_WARN_ENUM_CONVERSION = YES;
				CLANG_WARN_INFINITE_RECURSION = YES;
				CLANG_WARN_INT_CONVERSION = YES;
				CLANG_WARN_NON_LITERAL_NULL_CONVERSION = YES;
				CLANG_WARN_OBJC_IMPLICIT_RETAIN_SELF = YES;
				CLANG_WARN_OBJC_LITERAL_CONVERSION = YES;
				CLANG_WARN_OBJC_ROOT_CLASS = YES_ERROR;
				CLANG_WARN_QUOTED_INCLUDE_IN_FRAMEWORK_HEADER = YES;
				CLANG_WARN_RANGE_LOOP_ANALYSIS = YES;
				CLANG_WARN_STRICT_PROTOTYPES = YES;
				CLANG_WARN_SUSPICIOUS_MOVE = YES;
				CLANG_WARN_UNGUARDED_AVAILABILITY = YES_AGGRESSIVE;
				CLANG_WARN_UNREACHABLE_CODE = YES;
				CLANG_WARN__DUPLICATE_METHOD_MATCH = YES;
				COPY_PHASE_STRIP = NO;
				DEBUG_INFORMATION_FORMAT = "dwarf-with-dsym";
				ENABLE_NS_ASSERTIONS = NO;
				ENABLE_STRICT_OBJC_MSGSEND = YES;
				GCC_C_LANGUAGE_STANDARD = gnu11;
				GCC_NO_COMMON_BLOCKS = YES;
				GCC_WARN_64_TO_32_BIT_CONVERSION = YES;
				GCC_WARN_ABOUT_RETURN_TYPE = YES_ERROR;
				GCC_WARN_UNDECLARED_SELECTOR = YES;
				GCC_WARN_UNINITIALIZED_AUTOS = YES_AGGRESSIVE;
				GCC_WARN_UNUSED_FUNCTION = YES;
				GCC_WARN_UNUSED_VARIABLE = YES;
				IPHONEOS_DEPLOYMENT_TARGET = 16.4;
				MTL_ENABLE_DEBUG_INFO = NO;
				MTL_FAST_MATH = YES;
				SDKROOT = iphoneos;
				SWIFT_COMPILATION_MODE = wholemodule;
				SWIFT_OPTIMIZATION_LEVEL = "-O";
				VALIDATE_PRODUCT = YES;
			};
			name = Release;
		};
		F18CCDC72AB2C14000EC56B1 /* Debug */ = {
			isa = XCBuildConfiguration;
			buildSettings = {
				ASSETCATALOG_COMPILER_APPICON_NAME = AppIcon;
				ASSETCATALOG_COMPILER_GLOBAL_ACCENT_COLOR_NAME = AccentColor;
				CODE_SIGN_STYLE = Automatic;
				CURRENT_PROJECT_VERSION = 1;
				DEVELOPMENT_ASSET_PATHS = "\"MyFinancePlanner/Preview Content\"";
				ENABLE_PREVIEWS = YES;
				GENERATE_INFOPLIST_FILE = YES;
				INFOPLIST_KEY_UIApplicationSceneManifest_Generation = YES;
				INFOPLIST_KEY_UIApplicationSupportsIndirectInputEvents = YES;
				INFOPLIST_KEY_UILaunchScreen_Generation = YES;
				INFOPLIST_KEY_UISupportedInterfaceOrientations_iPad = "UIInterfaceOrientationPortrait UIInterfaceOrientationPortraitUpsideDown UIInterfaceOrientationLandscapeLeft UIInterfaceOrientationLandscapeRight";
				INFOPLIST_KEY_UISupportedInterfaceOrientations_iPhone = "UIInterfaceOrientationPortrait UIInterfaceOrientationLandscapeLeft UIInterfaceOrientationLandscapeRight";
				LD_RUNPATH_SEARCH_PATHS = (
					"$(inherited)",
					"@executable_path/Frameworks",
				);
				MARKETING_VERSION = 1.0;
				PRODUCT_BUNDLE_IDENTIFIER = com.swiftui.MyFinancePlanner;
				PRODUCT_NAME = "$(TARGET_NAME)";
				SWIFT_EMIT_LOC_STRINGS = YES;
				SWIFT_VERSION = 5.0;
				TARGETED_DEVICE_FAMILY = "1,2";
			};
			name = Debug;
		};
		F18CCDC82AB2C14000EC56B1 /* Release */ = {
			isa = XCBuildConfiguration;
			buildSettings = {
				ASSETCATALOG_COMPILER_APPICON_NAME = AppIcon;
				ASSETCATALOG_COMPILER_GLOBAL_ACCENT_COLOR_NAME = AccentColor;
				CODE_SIGN_STYLE = Automatic;
				CURRENT_PROJECT_VERSION = 1;
				DEVELOPMENT_ASSET_PATHS = "\"MyFinancePlanner/Preview Content\"";
				ENABLE_PREVIEWS = YES;
				GENERATE_INFOPLIST_FILE = YES;
				INFOPLIST_KEY_UIApplicationSceneManifest_Generation = YES;
				INFOPLIST_KEY_UIApplicationSupportsIndirectInputEvents = YES;
				INFOPLIST_KEY_UILaunchScreen_Generation = YES;
				INFOPLIST_KEY_UISupportedInterfaceOrientations_iPad = "UIInterfaceOrientationPortrait UIInterfaceOrientationPortraitUpsideDown UIInterfaceOrientationLandscapeLeft UIInterfaceOrientationLandscapeRight";
				INFOPLIST_KEY_UISupportedInterfaceOrientations_iPhone = "UIInterfaceOrientationPortrait UIInterfaceOrientationLandscapeLeft UIInterfaceOrientationLandscapeRight";
				LD_RUNPATH_SEARCH_PATHS = (
					"$(inherited)",
					"@executable_path/Frameworks",
				);
				MARKETING_VERSION = 1.0;
				PRODUCT_BUNDLE_IDENTIFIER = com.swiftui.MyFinancePlanner;
				PRODUCT_NAME = "$(TARGET_NAME)";
				SWIFT_EMIT_LOC_STRINGS = YES;
				SWIFT_VERSION = 5.0;
				TARGETED_DEVICE_FAMILY = "1,2";
			};
			name = Release;
		};
		F18CCDCA2AB2C14000EC56B1 /* Debug */ = {
			isa = XCBuildConfiguration;
			buildSettings = {
				ALWAYS_EMBED_SWIFT_STANDARD_LIBRARIES = YES;
				BUNDLE_LOADER = "$(TEST_HOST)";
				CODE_SIGN_STYLE = Automatic;
				CURRENT_PROJECT_VERSION = 1;
				GENERATE_INFOPLIST_FILE = YES;
				IPHONEOS_DEPLOYMENT_TARGET = 16.4;
				MARKETING_VERSION = 1.0;
				PRODUCT_BUNDLE_IDENTIFIER = com.swiftui.MyFinancePlannerTests;
				PRODUCT_NAME = "$(TARGET_NAME)";
				SWIFT_EMIT_LOC_STRINGS = NO;
				SWIFT_VERSION = 5.0;
				TARGETED_DEVICE_FAMILY = "1,2";
				TEST_HOST = "$(BUILT_PRODUCTS_DIR)/MyFinancePlanner.app/$(BUNDLE_EXECUTABLE_FOLDER_PATH)/MyFinancePlanner";
			};
			name = Debug;
		};
		F18CCDCB2AB2C14000EC56B1 /* Release */ = {
			isa = XCBuildConfiguration;
			buildSettings = {
				ALWAYS_EMBED_SWIFT_STANDARD_LIBRARIES = YES;
				BUNDLE_LOADER = "$(TEST_HOST)";
				CODE_SIGN_STYLE = Automatic;
				CURRENT_PROJECT_VERSION = 1;
				GENERATE_INFOPLIST_FILE = YES;
				IPHONEOS_DEPLOYMENT_TARGET = 16.4;
				MARKETING_VERSION = 1.0;
				PRODUCT_BUNDLE_IDENTIFIER = com.swiftui.MyFinancePlannerTests;
				PRODUCT_NAME = "$(TARGET_NAME)";
				SWIFT_EMIT_LOC_STRINGS = NO;
				SWIFT_VERSION = 5.0;
				TARGETED_DEVICE_FAMILY = "1,2";
				TEST_HOST = "$(BUILT_PRODUCTS_DIR)/MyFinancePlanner.app/$(BUNDLE_EXECUTABLE_FOLDER_PATH)/MyFinancePlanner";
			};
			name = Release;
		};
		F18CCDCD2AB2C14000EC56B1 /* Debug */ = {
			isa = XCBuildConfiguration;
			buildSettings = {
				ALWAYS_EMBED_SWIFT_STANDARD_LIBRARIES = YES;
				CODE_SIGN_STYLE = Automatic;
				CURRENT_PROJECT_VERSION = 1;
				GENERATE_INFOPLIST_FILE = YES;
				MARKETING_VERSION = 1.0;
				PRODUCT_BUNDLE_IDENTIFIER = com.swiftui.MyFinancePlannerUITests;
				PRODUCT_NAME = "$(TARGET_NAME)";
				SWIFT_EMIT_LOC_STRINGS = NO;
				SWIFT_VERSION = 5.0;
				TARGETED_DEVICE_FAMILY = "1,2";
				TEST_TARGET_NAME = MyFinancePlanner;
			};
			name = Debug;
		};
		F18CCDCE2AB2C14000EC56B1 /* Release */ = {
			isa = XCBuildConfiguration;
			buildSettings = {
				ALWAYS_EMBED_SWIFT_STANDARD_LIBRARIES = YES;
				CODE_SIGN_STYLE = Automatic;
				CURRENT_PROJECT_VERSION = 1;
				GENERATE_INFOPLIST_FILE = YES;
				MARKETING_VERSION = 1.0;
				PRODUCT_BUNDLE_IDENTIFIER = com.swiftui.MyFinancePlannerUITests;
				PRODUCT_NAME = "$(TARGET_NAME)";
				SWIFT_EMIT_LOC_STRINGS = NO;
				SWIFT_VERSION = 5.0;
				TARGETED_DEVICE_FAMILY = "1,2";
				TEST_TARGET_NAME = MyFinancePlanner;
			};
			name = Release;
		};
/* End XCBuildConfiguration section */

/* Begin XCConfigurationList section */
		F18CCD9D2AB2C13E00EC56B1 /* Build configuration list for PBXProject "MyFinancePlanner" */ = {
			isa = XCConfigurationList;
			buildConfigurations = (
				F18CCDC42AB2C14000EC56B1 /* Debug */,
				F18CCDC52AB2C14000EC56B1 /* Release */,
			);
			defaultConfigurationIsVisible = 0;
			defaultConfigurationName = Release;
		};
		F18CCDC62AB2C14000EC56B1 /* Build configuration list for PBXNativeTarget "MyFinancePlanner" */ = {
			isa = XCConfigurationList;
			buildConfigurations = (
				F18CCDC72AB2C14000EC56B1 /* Debug */,
				F18CCDC82AB2C14000EC56B1 /* Release */,
			);
			defaultConfigurationIsVisible = 0;
			defaultConfigurationName = Release;
		};
		F18CCDC92AB2C14000EC56B1 /* Build configuration list for PBXNativeTarget "MyFinancePlannerTests" */ = {
			isa = XCConfigurationList;
			buildConfigurations = (
				F18CCDCA2AB2C14000EC56B1 /* Debug */,
				F18CCDCB2AB2C14000EC56B1 /* Release */,
			);
			defaultConfigurationIsVisible = 0;
			defaultConfigurationName = Release;
		};
		F18CCDCC2AB2C14000EC56B1 /* Build configuration list for PBXNativeTarget "MyFinancePlannerUITests" */ = {
			isa = XCConfigurationList;
			buildConfigurations = (
				F18CCDCD2AB2C14000EC56B1 /* Debug */,
				F18CCDCE2AB2C14000EC56B1 /* Release */,
			);
			defaultConfigurationIsVisible = 0;
			defaultConfigurationName = Release;
		};
/* End XCConfigurationList section */
	};
	rootObject = F18CCD9A2AB2C13E00EC56B1 /* Project object */;
}
